
Microsoft Visual Studio Solution File, Format Version 12.00
# Visual Studio 15
VisualStudioVersion = 15.0.27703.2042
MinimumVisualStudioVersion = 10.0.40219.1
Project("{FAE04EC0-301F-11D3-BF4B-00C04F79EFBC}") = "ResXcore", "ResXcore\ResXcore.csproj", "{9A467860-E9A7-49D6-877B-83524B762A40}"
EndProject
Project("{FAE04EC0-301F-11D3-BF4B-00C04F79EFBC}") = "UnitTestProject1", "UnitTestProject1\UnitTestProject1.csproj", "{94959165-5382-477A-AE7A-8DC8ED0532F3}"
EndProject
Global
	GlobalSection(SolutionConfigurationPlatforms) = preSolution
		Debug|Any CPU = Debug|Any CPU
		Release|Any CPU = Release|Any CPU
	EndGlobalSection
	GlobalSection(ProjectConfigurationPlatforms) = postSolution
		{9A467860-E9A7-49D6-877B-83524B762A40}.Debug|Any CPU.ActiveCfg = Debug|Any CPU
		{9A467860-E9A7-49D6-877B-83524B762A40}.Debug|Any CPU.Build.0 = Debug|Any CPU
		{9A467860-E9A7-49D6-877B-83524B762A40}.Release|Any CPU.ActiveCfg = Release|Any CPU
		{9A467860-E9A7-49D6-877B-83524B762A40}.Release|Any CPU.Build.0 = Release|Any CPU
		{94959165-5382-477A-AE7A-8DC8ED0532F3}.Debug|Any CPU.ActiveCfg = Debug|Any CPU
		{94959165-5382-477A-AE7A-8DC8ED0532F3}.Debug|Any CPU.Build.0 = Debug|Any CPU
		{94959165-5382-477A-AE7A-8DC8ED0532F3}.Release|Any CPU.ActiveCfg = Release|Any CPU
		{94959165-5382-477A-AE7A-8DC8ED0532F3}.Release|Any CPU.Build.0 = Release|Any CPU
	EndGlobalSection
	GlobalSection(SolutionProperties) = preSolution
		HideSolutionNode = FALSE
	EndGlobalSection
	GlobalSection(ExtensibilityGlobals) = postSolution
		SolutionGuid = {781720AA-42EC-4654-B0EA-462CCC38937E}
	EndGlobalSection
EndGlobal
